# THIS IS AN AUTOGENERATED FILE. DO NOT EDIT THIS FILE DIRECTLY.
# yarn lockfile v1


create-react@^0.0.0:
  version "0.0.0"
  resolved "https://registry.yarnpkg.com/create-react/-/create-react-0.0.0.tgz#04a7407d70f13686bcc07b740437db40a1a5cd38"
  integrity sha512-bf7JHslP3yrO7e5eSdphm7T4ZN2kkFaEel14Z0A5N27guNtmDpbwtSrytkhdoyjRNFrHGT5YA2f+xIOsuSFnxA==
